
Microsoft Visual Studio Solution File, Format Version 12.00
# Visual Studio Version 16
VisualStudioVersion = 16.0.30709.132
MinimumVisualStudioVersion = 10.0.40219.1
Project("{9A19103F-16F7-4668-BE54-9A1E7A4F7556}") = "HouseM8API", "HouseM8API\HouseM8API.csproj", "{5590CB6B-9F49-4362-BF0F-8587F0D0E50C}"
EndProject
Project("{9A19103F-16F7-4668-BE54-9A1E7A4F7556}") = "TestingAPI", "TestingAPI\TestingAPI.csproj", "{4F539687-C3F1-4DB6-BE7F-E74789ED7070}"
EndProject
Global
	GlobalSection(SolutionConfigurationPlatforms) = preSolution
		Debug|Any CPU = Debug|Any CPU
		Release|Any CPU = Release|Any CPU
	EndGlobalSection
	GlobalSection(ProjectConfigurationPlatforms) = postSolution
		{5590CB6B-9F49-4362-BF0F-8587F0D0E50C}.Debug|Any CPU.ActiveCfg = Debug|Any CPU
		{5590CB6B-9F49-4362-BF0F-8587F0D0E50C}.Debug|Any CPU.Build.0 = Debug|Any CPU
		{5590CB6B-9F49-4362-BF0F-8587F0D0E50C}.Release|Any CPU.ActiveCfg = Release|Any CPU
		{5590CB6B-9F49-4362-BF0F-8587F0D0E50C}.Release|Any CPU.Build.0 = Release|Any CPU
		{4F539687-C3F1-4DB6-BE7F-E74789ED7070}.Debug|Any CPU.ActiveCfg = Debug|Any CPU
		{4F539687-C3F1-4DB6-BE7F-E74789ED7070}.Debug|Any CPU.Build.0 = Debug|Any CPU
		{4F539687-C3F1-4DB6-BE7F-E74789ED7070}.Release|Any CPU.ActiveCfg = Release|Any CPU
		{4F539687-C3F1-4DB6-BE7F-E74789ED7070}.Release|Any CPU.Build.0 = Release|Any CPU
	EndGlobalSection
	GlobalSection(SolutionProperties) = preSolution
		HideSolutionNode = FALSE
	EndGlobalSection
	GlobalSection(ExtensibilityGlobals) = postSolution
		SolutionGuid = {2A623DEB-983B-4E14-817F-3715611E4E4C}
	EndGlobalSection
EndGlobal
